{
  "requires": true,
  "lockfileVersion": 1,
  "dependencies": {
    "@angular/animations": {
      "version": "12.0.2",
      "resolved": "https://registry.npmjs.org/@angular/animations/-/animations-12.0.2.tgz",
      "integrity": "sha512-5RZ5a8ouVZ3iDy29uZ7jCryisWjX2c9xjIG5F5rn+mBL3UkxzzUDFhql9rP0PB5G+aGgaElSlTatGJ85mY0XvA==",
      "requires": {
        "tslib": "^2.1.0"
      }
    },
    "@angular/cdk": {
      "version": "12.0.2",
      "resolved": "https://registry.npmjs.org/@angular/cdk/-/cdk-12.0.2.tgz",
      "integrity": "sha512-1JGayyUJmwaul5YSEgb780aWxk+MLVG5FakVaxz5NtbPZx19ZyOuZqytCh5js11LsBDipF5/kirYhJPBFlMbWQ==",
      "requires": {
        "parse5": "^5.0.0",
        "tslib": "^2.1.0"
      }
    },
    "@angular/material": {
      "version": "12.0.2",
      "resolved": "https://registry.npmjs.org/@angular/material/-/material-12.0.2.tgz",
      "integrity": "sha512-jTH53w4iVNk+3K5ciFyHeRhNNtV6TzeuNTSELeme4l3t5FP3VqFTdE56Q55MrV2RMIzDKLYEpiqSiQf+8ZuGSA==",
      "requires": {
        "tslib": "^2.1.0"
      }
    },
    "parse5": {
      "version": "5.1.1",
      "resolved": "https://registry.npmjs.org/parse5/-/parse5-5.1.1.tgz",
      "integrity": "sha512-ugq4DFI0Ptb+WWjAdOK16+u/nHfiIrcE+sh8kZMaM0WllQKLI9rOUq6c2b7cwPkXdzfQESqvoqK6ug7U/Yyzug==",
      "optional": true
    },
    "tslib": {
      "version": "2.2.0",
      "resolved": "https://registry.npmjs.org/tslib/-/tslib-2.2.0.tgz",
      "integrity": "sha512-gS9GVHRU+RGn5KQM2rllAlR3dU6m7AcpJKdtH8gFvQiC4Otgk98XnmMU+nZenHt/+VhnBPWwgrJsyrdcw6i23w=="
    }
  }
}
